# This file was autogenerated by Stack.
# You should not edit this file by hand.
# For more information, please see the documentation at:
#   https://docs.haskellstack.org/en/stable/lock_files

packages:
- completed:
    hackage: fclabels-2.0.5@sha256:817006077632bd29e637956154aa33d3c10a59be0791c308cef955eb951b2675,4473
    pantry-tree:
      size: 1008
      sha256: 8a9254b7f80c3586d6e51d35c1355e700c3f9b0b3d8e3ae6e6ab939580188e1b
  original:
    hackage: fclabels-2.0.5@sha256:817006077632bd29e637956154aa33d3c10a59be0791c308cef955eb951b2675,4473
snapshots:
- completed:
    size: 533053
    url: https://raw.githubusercontent.com/commercialhaskell/stackage-snapshots/master/lts/16/29.yaml
    sha256: eb8ccc595466edefb9a679f19aec2e283d12f4c6ea5eefded1ebe8bd157d77d1
  original: lts-16.29
